// !$*UTF8*$!
{
	archiveVersion = 1;
	classes = {
	};
	objectVersion = 46;
	objects = {

/* Begin PBXBuildFile section */
		65C2005215C4C034001EFD23 /* UIKit.framework in Frameworks */ = {isa = PBXBuildFile; fileRef = 65C2005115C4C034001EFD23 /* UIKit.framework */; };
		65C2005415C4C034001EFD23 /* Foundation.framework in Frameworks */ = {isa = PBXBuildFile; fileRef = 65C2005315C4C034001EFD23 /* Foundation.framework */; };
		65C2005615C4C034001EFD23 /* CoreGraphics.framework in Frameworks */ = {isa = PBXBuildFile; fileRef = 65C2005515C4C034001EFD23 /* CoreGraphics.framework */; };
		65C2005C15C4C034001EFD23 /* InfoPlist.strings in Resources */ = {isa = PBXBuildFile; fileRef = 65C2005A15C4C034001EFD23 /* InfoPlist.strings */; };
		65C2005E15C4C034001EFD23 /* main.m in Sources */ = {isa = PBXBuildFile; fileRef = 65C2005D15C4C034001EFD23 /* main.m */; };
		65C2006215C4C034001EFD23 /* DWMAppDelegate.m in Sources */ = {isa = PBXBuildFile; fileRef = 65C2006115C4C034001EFD23 /* DWMAppDelegate.m */; };
		65C2006515C4C034001EFD23 /* DWMViewController.m in Sources */ = {isa = PBXBuildFile; fileRef = 65C2006415C4C034001EFD23 /* DWMViewController.m */; };
		65C2006815C4C034001EFD23 /* DWMViewController.xib in Resources */ = {isa = PBXBuildFile; fileRef = 65C2006615C4C034001EFD23 /* DWMViewController.xib */; };
		71DE609715C5DA54002427DA /* DWMAppletViewController.m in Sources */ = {isa = PBXBuildFile; fileRef = 71DE609615C5DA54002427DA /* DWMAppletViewController.m */; };
		71DE60A115C5E1FD002427DA /* DWMUtility.m in Sources */ = {isa = PBXBuildFile; fileRef = 71DE60A015C5E1FD002427DA /* DWMUtility.m */; };
		71DE60A715C62FF0002427DA /* button-bar-item-yellow-arrow-stretch.png in Resources */ = {isa = PBXBuildFile; fileRef = 71DE60A315C62FF0002427DA /* button-bar-item-yellow-arrow-stretch.png */; };
		71DE60A815C62FF0002427DA /* button-bar-item-yellow-arrow-stretch@2x.png in Resources */ = {isa = PBXBuildFile; fileRef = 71DE60A415C62FF0002427DA /* button-bar-item-yellow-arrow-stretch@2x.png */; };
		71DE60A915C62FF0002427DA /* button-bar-item-yellow-stretch.png in Resources */ = {isa = PBXBuildFile; fileRef = 71DE60A515C62FF0002427DA /* button-bar-item-yellow-stretch.png */; };
		71DE60AA15C62FF0002427DA /* button-bar-item-yellow-stretch@2x.png in Resources */ = {isa = PBXBuildFile; fileRef = 71DE60A615C62FF0002427DA /* button-bar-item-yellow-stretch@2x.png */; };
		71DE60AC15C63A35002427DA /* blank_header_44.png in Resources */ = {isa = PBXBuildFile; fileRef = 71DE60AB15C63A35002427DA /* blank_header_44.png */; };
		71DE60AF15C63A64002427DA /* logo_header_44.png in Resources */ = {isa = PBXBuildFile; fileRef = 71DE60AD15C63A64002427DA /* logo_header_44.png */; };
		71DE60B015C63A64002427DA /* logo_header_44@2x.png in Resources */ = {isa = PBXBuildFile; fileRef = 71DE60AE15C63A64002427DA /* logo_header_44@2x.png */; };
/* End PBXBuildFile section */

/* Begin PBXFileReference section */
		65C2004D15C4C034001EFD23 /* WindowManagerSample.app */ = {isa = PBXFileReference; explicitFileType = wrapper.application; includeInIndex = 0; path = WindowManagerSample.app; sourceTree = BUILT_PRODUCTS_DIR; };
		65C2005115C4C034001EFD23 /* UIKit.framework */ = {isa = PBXFileReference; lastKnownFileType = wrapper.framework; name = UIKit.framework; path = System/Library/Frameworks/UIKit.framework; sourceTree = SDKROOT; };
		65C2005315C4C034001EFD23 /* Foundation.framework */ = {isa = PBXFileReference; lastKnownFileType = wrapper.framework; name = Foundation.framework; path = System/Library/Frameworks/Foundation.framework; sourceTree = SDKROOT; };
		65C2005515C4C034001EFD23 /* CoreGraphics.framework */ = {isa = PBXFileReference; lastKnownFileType = wrapper.framework; name = CoreGraphics.framework; path = System/Library/Frameworks/CoreGraphics.framework; sourceTree = SDKROOT; };
		65C2005915C4C034001EFD23 /* WindowManagerSample-Info.plist */ = {isa = PBXFileReference; lastKnownFileType = text.plist.xml; path = "WindowManagerSample-Info.plist"; sourceTree = "<group>"; };
		65C2005B15C4C034001EFD23 /* en */ = {isa = PBXFileReference; lastKnownFileType = text.plist.strings; name = en; path = en.lproj/InfoPlist.strings; sourceTree = "<group>"; };
		65C2005D15C4C034001EFD23 /* main.m */ = {isa = PBXFileReference; lastKnownFileType = sourcecode.c.objc; path = main.m; sourceTree = "<group>"; };
		65C2005F15C4C034001EFD23 /* WindowManagerSample-Prefix.pch */ = {isa = PBXFileReference; lastKnownFileType = sourcecode.c.h; path = "WindowManagerSample-Prefix.pch"; sourceTree = "<group>"; };
		65C2006015C4C034001EFD23 /* DWMAppDelegate.h */ = {isa = PBXFileReference; lastKnownFileType = sourcecode.c.h; path = DWMAppDelegate.h; sourceTree = "<group>"; };
		65C2006115C4C034001EFD23 /* DWMAppDelegate.m */ = {isa = PBXFileReference; lastKnownFileType = sourcecode.c.objc; path = DWMAppDelegate.m; sourceTree = "<group>"; };
		65C2006315C4C034001EFD23 /* DWMViewController.h */ = {isa = PBXFileReference; lastKnownFileType = sourcecode.c.h; path = DWMViewController.h; sourceTree = "<group>"; };
		65C2006415C4C034001EFD23 /* DWMViewController.m */ = {isa = PBXFileReference; lastKnownFileType = sourcecode.c.objc; path = DWMViewController.m; sourceTree = "<group>"; };
		65C2006715C4C034001EFD23 /* en */ = {isa = PBXFileReference; lastKnownFileType = file.xib; name = en; path = en.lproj/DWMViewController.xib; sourceTree = "<group>"; };
		71DE609515C5DA54002427DA /* DWMAppletViewController.h */ = {isa = PBXFileReference; fileEncoding = 4; lastKnownFileType = sourcecode.c.h; path = DWMAppletViewController.h; sourceTree = "<group>"; };
		71DE609615C5DA54002427DA /* DWMAppletViewController.m */ = {isa = PBXFileReference; fileEncoding = 4; lastKnownFileType = sourcecode.c.objc; path = DWMAppletViewController.m; sourceTree = "<group>"; };
		71DE609E15C5DE4B002427DA /* Logging.h */ = {isa = PBXFileReference; fileEncoding = 4; lastKnownFileType = sourcecode.c.h; path = Logging.h; sourceTree = "<group>"; };
		71DE609F15C5E1FD002427DA /* DWMUtility.h */ = {isa = PBXFileReference; fileEncoding = 4; lastKnownFileType = sourcecode.c.h; path = DWMUtility.h; sourceTree = "<group>"; };
		71DE60A015C5E1FD002427DA /* DWMUtility.m */ = {isa = PBXFileReference; fileEncoding = 4; lastKnownFileType = sourcecode.c.objc; path = DWMUtility.m; sourceTree = "<group>"; };
		71DE60A315C62FF0002427DA /* button-bar-item-yellow-arrow-stretch.png */ = {isa = PBXFileReference; lastKnownFileType = image.png; path = "button-bar-item-yellow-arrow-stretch.png"; sourceTree = "<group>"; };
		71DE60A415C62FF0002427DA /* button-bar-item-yellow-arrow-stretch@2x.png */ = {isa = PBXFileReference; lastKnownFileType = image.png; path = "button-bar-item-yellow-arrow-stretch@2x.png"; sourceTree = "<group>"; };
		71DE60A515C62FF0002427DA /* button-bar-item-yellow-stretch.png */ = {isa = PBXFileReference; lastKnownFileType = image.png; path = "button-bar-item-yellow-stretch.png"; sourceTree = "<group>"; };
		71DE60A615C62FF0002427DA /* button-bar-item-yellow-stretch@2x.png */ = {isa = PBXFileReference; lastKnownFileType = image.png; path = "button-bar-item-yellow-stretch@2x.png"; sourceTree = "<group>"; };
		71DE60AB15C63A35002427DA /* blank_header_44.png */ = {isa = PBXFileReference; lastKnownFileType = image.png; path = blank_header_44.png; sourceTree = "<group>"; };
		71DE60AD15C63A64002427DA /* logo_header_44.png */ = {isa = PBXFileReference; lastKnownFileType = image.png; path = logo_header_44.png; sourceTree = "<group>"; };
		71DE60AE15C63A64002427DA /* logo_header_44@2x.png */ = {isa = PBXFileReference; lastKnownFileType = image.png; path = "logo_header_44@2x.png"; sourceTree = "<group>"; };
/* End PBXFileReference section */

/* Begin PBXFrameworksBuildPhase section */
		65C2004A15C4C034001EFD23 /* Frameworks */ = {
			isa = PBXFrameworksBuildPhase;
			buildActionMask = 2147483647;
			files = (
				65C2005215C4C034001EFD23 /* UIKit.framework in Frameworks */,
				65C2005415C4C034001EFD23 /* Foundation.framework in Frameworks */,
				65C2005615C4C034001EFD23 /* CoreGraphics.framework in Frameworks */,
			);
			runOnlyForDeploymentPostprocessing = 0;
		};
/* End PBXFrameworksBuildPhase section */

/* Begin PBXGroup section */
		65C2004215C4C034001EFD23 = {
			isa = PBXGroup;
			children = (
				65C2005715C4C034001EFD23 /* WindowManagerSample */,
				65C2005015C4C034001EFD23 /* Frameworks */,
				65C2004E15C4C034001EFD23 /* Products */,
			);
			sourceTree = "<group>";
		};
		65C2004E15C4C034001EFD23 /* Products */ = {
			isa = PBXGroup;
			children = (
				65C2004D15C4C034001EFD23 /* WindowManagerSample.app */,
			);
			name = Products;
			sourceTree = "<group>";
		};
		65C2005015C4C034001EFD23 /* Frameworks */ = {
			isa = PBXGroup;
			children = (
				65C2005115C4C034001EFD23 /* UIKit.framework */,
				65C2005315C4C034001EFD23 /* Foundation.framework */,
				65C2005515C4C034001EFD23 /* CoreGraphics.framework */,
			);
			name = Frameworks;
			sourceTree = "<group>";
		};
		65C2005715C4C034001EFD23 /* WindowManagerSample */ = {
			isa = PBXGroup;
			children = (
				71DE609F15C5E1FD002427DA /* DWMUtility.h */,
				71DE60A015C5E1FD002427DA /* DWMUtility.m */,
				71DE609E15C5DE4B002427DA /* Logging.h */,
				65C2006015C4C034001EFD23 /* DWMAppDelegate.h */,
				65C2006115C4C034001EFD23 /* DWMAppDelegate.m */,
				65C2006315C4C034001EFD23 /* DWMViewController.h */,
				65C2006415C4C034001EFD23 /* DWMViewController.m */,
				65C2006615C4C034001EFD23 /* DWMViewController.xib */,
				71DE60A215C62FB6002427DA /* Resources */,
				65C2005815C4C034001EFD23 /* Supporting Files */,
				71DE609515C5DA54002427DA /* DWMAppletViewController.h */,
				71DE609615C5DA54002427DA /* DWMAppletViewController.m */,
			);
			path = WindowManagerSample;
			sourceTree = "<group>";
		};
		65C2005815C4C034001EFD23 /* Supporting Files */ = {
			isa = PBXGroup;
			children = (
				65C2005915C4C034001EFD23 /* WindowManagerSample-Info.plist */,
				65C2005A15C4C034001EFD23 /* InfoPlist.strings */,
				65C2005D15C4C034001EFD23 /* main.m */,
				65C2005F15C4C034001EFD23 /* WindowManagerSample-Prefix.pch */,
			);
			name = "Supporting Files";
			sourceTree = "<group>";
		};
		71DE60A215C62FB6002427DA /* Resources */ = {
			isa = PBXGroup;
			children = (
				71DE60AD15C63A64002427DA /* logo_header_44.png */,
				71DE60AE15C63A64002427DA /* logo_header_44@2x.png */,
				71DE60AB15C63A35002427DA /* blank_header_44.png */,
				71DE60A315C62FF0002427DA /* button-bar-item-yellow-arrow-stretch.png */,
				71DE60A415C62FF0002427DA /* button-bar-item-yellow-arrow-stretch@2x.png */,
				71DE60A515C62FF0002427DA /* button-bar-item-yellow-stretch.png */,
				71DE60A615C62FF0002427DA /* button-bar-item-yellow-stretch@2x.png */,
			);
			name = Resources;
			sourceTree = "<group>";
		};
/* End PBXGroup section */

/* Begin PBXNativeTarget section */
		65C2004C15C4C034001EFD23 /* WindowManagerSample */ = {
			isa = PBXNativeTarget;
			buildConfigurationList = 65C2006B15C4C034001EFD23 /* Build configuration list for PBXNativeTarget "WindowManagerSample" */;
			buildPhases = (
				65C2004915C4C034001EFD23 /* Sources */,
				65C2004A15C4C034001EFD23 /* Frameworks */,
				65C2004B15C4C034001EFD23 /* Resources */,
			);
			buildRules = (
			);
			dependencies = (
			);
			name = WindowManagerSample;
			productName = WindowManagerSample;
			productReference = 65C2004D15C4C034001EFD23 /* WindowManagerSample.app */;
			productType = "com.apple.product-type.application";
		};
/* End PBXNativeTarget section */

/* Begin PBXProject section */
		65C2004415C4C034001EFD23 /* Project object */ = {
			isa = PBXProject;
			attributes = {
				CLASSPREFIX = DWM;
				LastUpgradeCheck = 0430;
			};
			buildConfigurationList = 65C2004715C4C034001EFD23 /* Build configuration list for PBXProject "WindowManagerSample" */;
			compatibilityVersion = "Xcode 3.2";
			developmentRegion = English;
			hasScannedForEncodings = 0;
			knownRegions = (
				en,
			);
			mainGroup = 65C2004215C4C034001EFD23;
			productRefGroup = 65C2004E15C4C034001EFD23 /* Products */;
			projectDirPath = "";
			projectRoot = "";
			targets = (
				65C2004C15C4C034001EFD23 /* WindowManagerSample */,
			);
		};
/* End PBXProject section */

/* Begin PBXResourcesBuildPhase section */
		65C2004B15C4C034001EFD23 /* Resources */ = {
			isa = PBXResourcesBuildPhase;
			buildActionMask = 2147483647;
			files = (
				65C2005C15C4C034001EFD23 /* InfoPlist.strings in Resources */,
				65C2006815C4C034001EFD23 /* DWMViewController.xib in Resources */,
				71DE60A715C62FF0002427DA /* button-bar-item-yellow-arrow-stretch.png in Resources */,
				71DE60A815C62FF0002427DA /* button-bar-item-yellow-arrow-stretch@2x.png in Resources */,
				71DE60A915C62FF0002427DA /* button-bar-item-yellow-stretch.png in Resources */,
				71DE60AA15C62FF0002427DA /* button-bar-item-yellow-stretch@2x.png in Resources */,
				71DE60AC15C63A35002427DA /* blank_header_44.png in Resources */,
				71DE60AF15C63A64002427DA /* logo_header_44.png in Resources */,
				71DE60B015C63A64002427DA /* logo_header_44@2x.png in Resources */,
			);
			runOnlyForDeploymentPostprocessing = 0;
		};
/* End PBXResourcesBuildPhase section */

/* Begin PBXSourcesBuildPhase section */
		65C2004915C4C034001EFD23 /* Sources */ = {
			isa = PBXSourcesBuildPhase;
			buildActionMask = 2147483647;
			files = (
				65C2005E15C4C034001EFD23 /* main.m in Sources */,
				65C2006215C4C034001EFD23 /* DWMAppDelegate.m in Sources */,
				65C2006515C4C034001EFD23 /* DWMViewController.m in Sources */,
				71DE609715C5DA54002427DA /* DWMAppletViewController.m in Sources */,
				71DE60A115C5E1FD002427DA /* DWMUtility.m in Sources */,
			);
			runOnlyForDeploymentPostprocessing = 0;
		};
/* End PBXSourcesBuildPhase section */

/* Begin PBXVariantGroup section */
		65C2005A15C4C034001EFD23 /* InfoPlist.strings */ = {
			isa = PBXVariantGroup;
			children = (
				65C2005B15C4C034001EFD23 /* en */,
			);
			name = InfoPlist.strings;
			sourceTree = "<group>";
		};
		65C2006615C4C034001EFD23 /* DWMViewController.xib */ = {
			isa = PBXVariantGroup;
			children = (
				65C2006715C4C034001EFD23 /* en */,
			);
			name = DWMViewController.xib;
			sourceTree = "<group>";
		};
/* End PBXVariantGroup section */

/* Begin XCBuildConfiguration section */
		65C2006915C4C034001EFD23 /* Debug */ = {
			isa = XCBuildConfiguration;
			buildSettings = {
				ALWAYS_SEARCH_USER_PATHS = NO;
				ARCHS = "$(ARCHS_STANDARD_32_BIT)";
				CLANG_ENABLE_OBJC_ARC = YES;
				"CODE_SIGN_IDENTITY[sdk=iphoneos*]" = "iPhone Developer";
				COPY_PHASE_STRIP = NO;
				GCC_C_LANGUAGE_STANDARD = gnu99;
				GCC_DYNAMIC_NO_PIC = NO;
				GCC_OPTIMIZATION_LEVEL = 0;
				GCC_PREPROCESSOR_DEFINITIONS = (
					"DEBUG=1",
					"$(inherited)",
				);
				GCC_SYMBOLS_PRIVATE_EXTERN = NO;
				GCC_VERSION = com.apple.compilers.llvm.clang.1_0;
				GCC_WARN_ABOUT_RETURN_TYPE = YES;
				GCC_WARN_UNINITIALIZED_AUTOS = YES;
				GCC_WARN_UNUSED_VARIABLE = YES;
				IPHONEOS_DEPLOYMENT_TARGET = 5.1;
				SDKROOT = iphoneos;
				TARGETED_DEVICE_FAMILY = 2;
			};
			name = Debug;
		};
		65C2006A15C4C034001EFD23 /* Release */ = {
			isa = XCBuildConfiguration;
			buildSettings = {
				ALWAYS_SEARCH_USER_PATHS = NO;
				ARCHS = "$(ARCHS_STANDARD_32_BIT)";
				CLANG_ENABLE_OBJC_ARC = YES;
				"CODE_SIGN_IDENTITY[sdk=iphoneos*]" = "iPhone Developer";
				COPY_PHASE_STRIP = YES;
				GCC_C_LANGUAGE_STANDARD = gnu99;
				GCC_VERSION = com.apple.compilers.llvm.clang.1_0;
				GCC_WARN_ABOUT_RETURN_TYPE = YES;
				GCC_WARN_UNINITIALIZED_AUTOS = YES;
				GCC_WARN_UNUSED_VARIABLE = YES;
				IPHONEOS_DEPLOYMENT_TARGET = 5.1;
				OTHER_CFLAGS = "-DNS_BLOCK_ASSERTIONS=1";
				SDKROOT = iphoneos;
				TARGETED_DEVICE_FAMILY = 2;
				VALIDATE_PRODUCT = YES;
			};
			name = Release;
		};
		65C2006C15C4C034001EFD23 /* Debug */ = {
			isa = XCBuildConfiguration;
			buildSettings = {
				GCC_PRECOMPILE_PREFIX_HEADER = YES;
				GCC_PREFIX_HEADER = "WindowManagerSample/WindowManagerSample-Prefix.pch";
				INFOPLIST_FILE = "WindowManagerSample/WindowManagerSample-Info.plist";
				PRODUCT_NAME = "$(TARGET_NAME)";
				WRAPPER_EXTENSION = app;
			};
			name = Debug;
		};
		65C2006D15C4C034001EFD23 /* Release */ = {
			isa = XCBuildConfiguration;
			buildSettings = {
				GCC_PRECOMPILE_PREFIX_HEADER = YES;
				GCC_PREFIX_HEADER = "WindowManagerSample/WindowManagerSample-Prefix.pch";
				INFOPLIST_FILE = "WindowManagerSample/WindowManagerSample-Info.plist";
				PRODUCT_NAME = "$(TARGET_NAME)";
				WRAPPER_EXTENSION = app;
			};
			name = Release;
		};
/* End XCBuildConfiguration section */

/* Begin XCConfigurationList section */
		65C2004715C4C034001EFD23 /* Build configuration list for PBXProject "WindowManagerSample" */ = {
			isa = XCConfigurationList;
			buildConfigurations = (
				65C2006915C4C034001EFD23 /* Debug */,
				65C2006A15C4C034001EFD23 /* Release */,
			);
			defaultConfigurationIsVisible = 0;
			defaultConfigurationName = Release;
		};
		65C2006B15C4C034001EFD23 /* Build configuration list for PBXNativeTarget "WindowManagerSample" */ = {
			isa = XCConfigurationList;
			buildConfigurations = (
				65C2006C15C4C034001EFD23 /* Debug */,
				65C2006D15C4C034001EFD23 /* Release */,
			);
			defaultConfigurationIsVisible = 0;
			defaultConfigurationName = Release;
		};
/* End XCConfigurationList section */
	};
	rootObject = 65C2004415C4C034001EFD23 /* Project object */;
}
